// !$*UTF8*$!
{
	archiveVersion = 1;
	classes = {
	};
	objectVersion = 46;
	objects = {

/* Begin PBXBuildFile section */
		E80E76B01DEBE363006E2FB6 /* UIView+ZHNavigationBar.m in Sources */ = {isa = PBXBuildFile; fileRef = E80E76AA1DEBE363006E2FB6 /* UIView+ZHNavigationBar.m */; };
		E80E76B11DEBE363006E2FB6 /* UIViewController+ZHNavigationBar.m in Sources */ = {isa = PBXBuildFile; fileRef = E80E76AC1DEBE363006E2FB6 /* UIViewController+ZHNavigationBar.m */; };
		E80E76B21DEBE363006E2FB6 /* ZHCustomNavigationBar.m in Sources */ = {isa = PBXBuildFile; fileRef = E80E76AE1DEBE363006E2FB6 /* ZHCustomNavigationBar.m */; };
		E80E76B51DEBFC0B006E2FB6 /* UINavigationBar+Appearance.m in Sources */ = {isa = PBXBuildFile; fileRef = E80E76B41DEBFC0B006E2FB6 /* UINavigationBar+Appearance.m */; };
		E886BDC41DE7EA7000B2E8C0 /* main.m in Sources */ = {isa = PBXBuildFile; fileRef = E886BDC31DE7EA7000B2E8C0 /* main.m */; };
		E886BDC71DE7EA7000B2E8C0 /* AppDelegate.m in Sources */ = {isa = PBXBuildFile; fileRef = E886BDC61DE7EA7000B2E8C0 /* AppDelegate.m */; };
		E886BDCA1DE7EA7000B2E8C0 /* ViewController.m in Sources */ = {isa = PBXBuildFile; fileRef = E886BDC91DE7EA7000B2E8C0 /* ViewController.m */; };
		E886BDCD1DE7EA7000B2E8C0 /* Main.storyboard in Resources */ = {isa = PBXBuildFile; fileRef = E886BDCB1DE7EA7000B2E8C0 /* Main.storyboard */; };
		E886BDCF1DE7EA7000B2E8C0 /* Assets.xcassets in Resources */ = {isa = PBXBuildFile; fileRef = E886BDCE1DE7EA7000B2E8C0 /* Assets.xcassets */; };
		E886BDD21DE7EA7000B2E8C0 /* LaunchScreen.storyboard in Resources */ = {isa = PBXBuildFile; fileRef = E886BDD01DE7EA7000B2E8C0 /* LaunchScreen.storyboard */; };
		E886BDE41DE7ED2800B2E8C0 /* CustomLeftViewController.m in Sources */ = {isa = PBXBuildFile; fileRef = E886BDE31DE7ED2800B2E8C0 /* CustomLeftViewController.m */; };
		E886BDE71DE7ED3200B2E8C0 /* CustomRightViewController.m in Sources */ = {isa = PBXBuildFile; fileRef = E886BDE61DE7ED3200B2E8C0 /* CustomRightViewController.m */; };
		E886BDEA1DE7ED3F00B2E8C0 /* CustomTitleViewController.m in Sources */ = {isa = PBXBuildFile; fileRef = E886BDE91DE7ED3F00B2E8C0 /* CustomTitleViewController.m */; };
		E886BDF01DE7ED6900B2E8C0 /* CustomTopBarViewController.m in Sources */ = {isa = PBXBuildFile; fileRef = E886BDEF1DE7ED6900B2E8C0 /* CustomTopBarViewController.m */; };
		E886BDF31DE7ED9B00B2E8C0 /* CustomLMRViewController.m in Sources */ = {isa = PBXBuildFile; fileRef = E886BDF21DE7ED9B00B2E8C0 /* CustomLMRViewController.m */; };
/* End PBXBuildFile section */

/* Begin PBXFileReference section */
		E80E76A91DEBE363006E2FB6 /* UIView+ZHNavigationBar.h */ = {isa = PBXFileReference; fileEncoding = 4; lastKnownFileType = sourcecode.c.h; path = "UIView+ZHNavigationBar.h"; sourceTree = "<group>"; };
		E80E76AA1DEBE363006E2FB6 /* UIView+ZHNavigationBar.m */ = {isa = PBXFileReference; fileEncoding = 4; lastKnownFileType = sourcecode.c.objc; path = "UIView+ZHNavigationBar.m"; sourceTree = "<group>"; };
		E80E76AB1DEBE363006E2FB6 /* UIViewController+ZHNavigationBar.h */ = {isa = PBXFileReference; fileEncoding = 4; lastKnownFileType = sourcecode.c.h; path = "UIViewController+ZHNavigationBar.h"; sourceTree = "<group>"; };
		E80E76AC1DEBE363006E2FB6 /* UIViewController+ZHNavigationBar.m */ = {isa = PBXFileReference; fileEncoding = 4; lastKnownFileType = sourcecode.c.objc; path = "UIViewController+ZHNavigationBar.m"; sourceTree = "<group>"; };
		E80E76AD1DEBE363006E2FB6 /* ZHCustomNavigationBar.h */ = {isa = PBXFileReference; fileEncoding = 4; lastKnownFileType = sourcecode.c.h; path = ZHCustomNavigationBar.h; sourceTree = "<group>"; };
		E80E76AE1DEBE363006E2FB6 /* ZHCustomNavigationBar.m */ = {isa = PBXFileReference; fileEncoding = 4; lastKnownFileType = sourcecode.c.objc; path = ZHCustomNavigationBar.m; sourceTree = "<group>"; };
		E80E76AF1DEBE363006E2FB6 /* ZHNavigationBar.h */ = {isa = PBXFileReference; fileEncoding = 4; lastKnownFileType = sourcecode.c.h; path = ZHNavigationBar.h; sourceTree = "<group>"; };
		E80E76B31DEBFC0B006E2FB6 /* UINavigationBar+Appearance.h */ = {isa = PBXFileReference; fileEncoding = 4; lastKnownFileType = sourcecode.c.h; path = "UINavigationBar+Appearance.h"; sourceTree = "<group>"; };
		E80E76B41DEBFC0B006E2FB6 /* UINavigationBar+Appearance.m */ = {isa = PBXFileReference; fileEncoding = 4; lastKnownFileType = sourcecode.c.objc; path = "UINavigationBar+Appearance.m"; sourceTree = "<group>"; };
		E886BDBF1DE7EA7000B2E8C0 /* ZHNavigationBar.app */ = {isa = PBXFileReference; explicitFileType = wrapper.application; includeInIndex = 0; path = ZHNavigationBar.app; sourceTree = BUILT_PRODUCTS_DIR; };
		E886BDC31DE7EA7000B2E8C0 /* main.m */ = {isa = PBXFileReference; lastKnownFileType = sourcecode.c.objc; path = main.m; sourceTree = "<group>"; };
		E886BDC51DE7EA7000B2E8C0 /* AppDelegate.h */ = {isa = PBXFileReference; lastKnownFileType = sourcecode.c.h; path = AppDelegate.h; sourceTree = "<group>"; };
		E886BDC61DE7EA7000B2E8C0 /* AppDelegate.m */ = {isa = PBXFileReference; lastKnownFileType = sourcecode.c.objc; path = AppDelegate.m; sourceTree = "<group>"; };
		E886BDC81DE7EA7000B2E8C0 /* ViewController.h */ = {isa = PBXFileReference; lastKnownFileType = sourcecode.c.h; path = ViewController.h; sourceTree = "<group>"; };
		E886BDC91DE7EA7000B2E8C0 /* ViewController.m */ = {isa = PBXFileReference; lastKnownFileType = sourcecode.c.objc; path = ViewController.m; sourceTree = "<group>"; };
		E886BDCC1DE7EA7000B2E8C0 /* Base */ = {isa = PBXFileReference; lastKnownFileType = file.storyboard; name = Base; path = Base.lproj/Main.storyboard; sourceTree = "<group>"; };
		E886BDCE1DE7EA7000B2E8C0 /* Assets.xcassets */ = {isa = PBXFileReference; lastKnownFileType = folder.assetcatalog; path = Assets.xcassets; sourceTree = "<group>"; };
		E886BDD11DE7EA7000B2E8C0 /* Base */ = {isa = PBXFileReference; lastKnownFileType = file.storyboard; name = Base; path = Base.lproj/LaunchScreen.storyboard; sourceTree = "<group>"; };
		E886BDD31DE7EA7000B2E8C0 /* Info.plist */ = {isa = PBXFileReference; lastKnownFileType = text.plist.xml; path = Info.plist; sourceTree = "<group>"; };
		E886BDE21DE7ED2800B2E8C0 /* CustomLeftViewController.h */ = {isa = PBXFileReference; fileEncoding = 4; lastKnownFileType = sourcecode.c.h; path = CustomLeftViewController.h; sourceTree = "<group>"; };
		E886BDE31DE7ED2800B2E8C0 /* CustomLeftViewController.m */ = {isa = PBXFileReference; fileEncoding = 4; lastKnownFileType = sourcecode.c.objc; path = CustomLeftViewController.m; sourceTree = "<group>"; };
		E886BDE51DE7ED3200B2E8C0 /* CustomRightViewController.h */ = {isa = PBXFileReference; fileEncoding = 4; lastKnownFileType = sourcecode.c.h; path = CustomRightViewController.h; sourceTree = "<group>"; };
		E886BDE61DE7ED3200B2E8C0 /* CustomRightViewController.m */ = {isa = PBXFileReference; fileEncoding = 4; lastKnownFileType = sourcecode.c.objc; path = CustomRightViewController.m; sourceTree = "<group>"; };
		E886BDE81DE7ED3F00B2E8C0 /* CustomTitleViewController.h */ = {isa = PBXFileReference; fileEncoding = 4; lastKnownFileType = sourcecode.c.h; path = CustomTitleViewController.h; sourceTree = "<group>"; };
		E886BDE91DE7ED3F00B2E8C0 /* CustomTitleViewController.m */ = {isa = PBXFileReference; fileEncoding = 4; lastKnownFileType = sourcecode.c.objc; path = CustomTitleViewController.m; sourceTree = "<group>"; };
		E886BDEE1DE7ED6900B2E8C0 /* CustomTopBarViewController.h */ = {isa = PBXFileReference; fileEncoding = 4; lastKnownFileType = sourcecode.c.h; path = CustomTopBarViewController.h; sourceTree = "<group>"; };
		E886BDEF1DE7ED6900B2E8C0 /* CustomTopBarViewController.m */ = {isa = PBXFileReference; fileEncoding = 4; lastKnownFileType = sourcecode.c.objc; path = CustomTopBarViewController.m; sourceTree = "<group>"; };
		E886BDF11DE7ED9B00B2E8C0 /* CustomLMRViewController.h */ = {isa = PBXFileReference; fileEncoding = 4; lastKnownFileType = sourcecode.c.h; path = CustomLMRViewController.h; sourceTree = "<group>"; };
		E886BDF21DE7ED9B00B2E8C0 /* CustomLMRViewController.m */ = {isa = PBXFileReference; fileEncoding = 4; lastKnownFileType = sourcecode.c.objc; path = CustomLMRViewController.m; sourceTree = "<group>"; };
/* End PBXFileReference section */

/* Begin PBXFrameworksBuildPhase section */
		E886BDBC1DE7EA7000B2E8C0 /* Frameworks */ = {
			isa = PBXFrameworksBuildPhase;
			buildActionMask = 2147483647;
			files = (
			);
			runOnlyForDeploymentPostprocessing = 0;
		};
/* End PBXFrameworksBuildPhase section */

/* Begin PBXGroup section */
		E80E76A71DEBE363006E2FB6 /* ZHNavigationBar */ = {
			isa = PBXGroup;
			children = (
				E80E76A81DEBE363006E2FB6 /* classes */,
				E80E76AF1DEBE363006E2FB6 /* ZHNavigationBar.h */,
			);
			path = ZHNavigationBar;
			sourceTree = "<group>";
		};
		E80E76A81DEBE363006E2FB6 /* classes */ = {
			isa = PBXGroup;
			children = (
				E80E76A91DEBE363006E2FB6 /* UIView+ZHNavigationBar.h */,
				E80E76AA1DEBE363006E2FB6 /* UIView+ZHNavigationBar.m */,
				E80E76AB1DEBE363006E2FB6 /* UIViewController+ZHNavigationBar.h */,
				E80E76AC1DEBE363006E2FB6 /* UIViewController+ZHNavigationBar.m */,
				E80E76AD1DEBE363006E2FB6 /* ZHCustomNavigationBar.h */,
				E80E76AE1DEBE363006E2FB6 /* ZHCustomNavigationBar.m */,
				E80E76B31DEBFC0B006E2FB6 /* UINavigationBar+Appearance.h */,
				E80E76B41DEBFC0B006E2FB6 /* UINavigationBar+Appearance.m */,
			);
			path = classes;
			sourceTree = "<group>";
		};
		E886BDB61DE7EA6F00B2E8C0 = {
			isa = PBXGroup;
			children = (
				E886BDC11DE7EA7000B2E8C0 /* ZHNavigationBar */,
				E886BDC01DE7EA7000B2E8C0 /* Products */,
			);
			sourceTree = "<group>";
		};
		E886BDC01DE7EA7000B2E8C0 /* Products */ = {
			isa = PBXGroup;
			children = (
				E886BDBF1DE7EA7000B2E8C0 /* ZHNavigationBar.app */,
			);
			name = Products;
			sourceTree = "<group>";
		};
		E886BDC11DE7EA7000B2E8C0 /* ZHNavigationBar */ = {
			isa = PBXGroup;
			children = (
				E886BDC51DE7EA7000B2E8C0 /* AppDelegate.h */,
				E886BDC61DE7EA7000B2E8C0 /* AppDelegate.m */,
				E886BDC81DE7EA7000B2E8C0 /* ViewController.h */,
				E886BDC91DE7EA7000B2E8C0 /* ViewController.m */,
				E886BDCB1DE7EA7000B2E8C0 /* Main.storyboard */,
				E80E76A71DEBE363006E2FB6 /* ZHNavigationBar */,
				E886BDE11DE7ECEF00B2E8C0 /* ViewControllers */,
				E886BDCE1DE7EA7000B2E8C0 /* Assets.xcassets */,
				E886BDD01DE7EA7000B2E8C0 /* LaunchScreen.storyboard */,
				E886BDD31DE7EA7000B2E8C0 /* Info.plist */,
				E886BDC21DE7EA7000B2E8C0 /* Supporting Files */,
			);
			path = ZHNavigationBar;
			sourceTree = "<group>";
		};
		E886BDC21DE7EA7000B2E8C0 /* Supporting Files */ = {
			isa = PBXGroup;
			children = (
				E886BDC31DE7EA7000B2E8C0 /* main.m */,
			);
			name = "Supporting Files";
			sourceTree = "<group>";
		};
		E886BDE11DE7ECEF00B2E8C0 /* ViewControllers */ = {
			isa = PBXGroup;
			children = (
				E886BDE21DE7ED2800B2E8C0 /* CustomLeftViewController.h */,
				E886BDE31DE7ED2800B2E8C0 /* CustomLeftViewController.m */,
				E886BDE51DE7ED3200B2E8C0 /* CustomRightViewController.h */,
				E886BDE61DE7ED3200B2E8C0 /* CustomRightViewController.m */,
				E886BDE81DE7ED3F00B2E8C0 /* CustomTitleViewController.h */,
				E886BDE91DE7ED3F00B2E8C0 /* CustomTitleViewController.m */,
				E886BDEE1DE7ED6900B2E8C0 /* CustomTopBarViewController.h */,
				E886BDEF1DE7ED6900B2E8C0 /* CustomTopBarViewController.m */,
				E886BDF11DE7ED9B00B2E8C0 /* CustomLMRViewController.h */,
				E886BDF21DE7ED9B00B2E8C0 /* CustomLMRViewController.m */,
			);
			name = ViewControllers;
			sourceTree = "<group>";
		};
/* End PBXGroup section */

/* Begin PBXNativeTarget section */
		E886BDBE1DE7EA7000B2E8C0 /* ZHNavigationBar */ = {
			isa = PBXNativeTarget;
			buildConfigurationList = E886BDD61DE7EA7000B2E8C0 /* Build configuration list for PBXNativeTarget "ZHNavigationBar" */;
			buildPhases = (
				E886BDBB1DE7EA7000B2E8C0 /* Sources */,
				E886BDBC1DE7EA7000B2E8C0 /* Frameworks */,
				E886BDBD1DE7EA7000B2E8C0 /* Resources */,
			);
			buildRules = (
			);
			dependencies = (
			);
			name = ZHNavigationBar;
			productName = ZHNavigationBar;
			productReference = E886BDBF1DE7EA7000B2E8C0 /* ZHNavigationBar.app */;
			productType = "com.apple.product-type.application";
		};
/* End PBXNativeTarget section */

/* Begin PBXProject section */
		E886BDB71DE7EA6F00B2E8C0 /* Project object */ = {
			isa = PBXProject;
			attributes = {
				LastUpgradeCheck = 0810;
				ORGANIZATIONNAME = walen;
				TargetAttributes = {
					E886BDBE1DE7EA7000B2E8C0 = {
						CreatedOnToolsVersion = 8.1;
						DevelopmentTeam = 9TPVW548GM;
						ProvisioningStyle = Automatic;
					};
				};
			};
			buildConfigurationList = E886BDBA1DE7EA7000B2E8C0 /* Build configuration list for PBXProject "ZHNavigationBar" */;
			compatibilityVersion = "Xcode 3.2";
			developmentRegion = English;
			hasScannedForEncodings = 0;
			knownRegions = (
				en,
				Base,
			);
			mainGroup = E886BDB61DE7EA6F00B2E8C0;
			productRefGroup = E886BDC01DE7EA7000B2E8C0 /* Products */;
			projectDirPath = "";
			projectRoot = "";
			targets = (
				E886BDBE1DE7EA7000B2E8C0 /* ZHNavigationBar */,
			);
		};
/* End PBXProject section */

/* Begin PBXResourcesBuildPhase section */
		E886BDBD1DE7EA7000B2E8C0 /* Resources */ = {
			isa = PBXResourcesBuildPhase;
			buildActionMask = 2147483647;
			files = (
				E886BDD21DE7EA7000B2E8C0 /* LaunchScreen.storyboard in Resources */,
				E886BDCF1DE7EA7000B2E8C0 /* Assets.xcassets in Resources */,
				E886BDCD1DE7EA7000B2E8C0 /* Main.storyboard in Resources */,
			);
			runOnlyForDeploymentPostprocessing = 0;
		};
/* End PBXResourcesBuildPhase section */

/* Begin PBXSourcesBuildPhase section */
		E886BDBB1DE7EA7000B2E8C0 /* Sources */ = {
			isa = PBXSourcesBuildPhase;
			buildActionMask = 2147483647;
			files = (
				E886BDE41DE7ED2800B2E8C0 /* CustomLeftViewController.m in Sources */,
				E886BDF31DE7ED9B00B2E8C0 /* CustomLMRViewController.m in Sources */,
				E80E76B11DEBE363006E2FB6 /* UIViewController+ZHNavigationBar.m in Sources */,
				E886BDF01DE7ED6900B2E8C0 /* CustomTopBarViewController.m in Sources */,
				E886BDCA1DE7EA7000B2E8C0 /* ViewController.m in Sources */,
				E80E76B51DEBFC0B006E2FB6 /* UINavigationBar+Appearance.m in Sources */,
				E80E76B01DEBE363006E2FB6 /* UIView+ZHNavigationBar.m in Sources */,
				E886BDEA1DE7ED3F00B2E8C0 /* CustomTitleViewController.m in Sources */,
				E886BDC71DE7EA7000B2E8C0 /* AppDelegate.m in Sources */,
				E886BDC41DE7EA7000B2E8C0 /* main.m in Sources */,
				E886BDE71DE7ED3200B2E8C0 /* CustomRightViewController.m in Sources */,
				E80E76B21DEBE363006E2FB6 /* ZHCustomNavigationBar.m in Sources */,
			);
			runOnlyForDeploymentPostprocessing = 0;
		};
/* End PBXSourcesBuildPhase section */

/* Begin PBXVariantGroup section */
		E886BDCB1DE7EA7000B2E8C0 /* Main.storyboard */ = {
			isa = PBXVariantGroup;
			children = (
				E886BDCC1DE7EA7000B2E8C0 /* Base */,
			);
			name = Main.storyboard;
			sourceTree = "<group>";
		};
		E886BDD01DE7EA7000B2E8C0 /* LaunchScreen.storyboard */ = {
			isa = PBXVariantGroup;
			children = (
				E886BDD11DE7EA7000B2E8C0 /* Base */,
			);
			name = LaunchScreen.storyboard;
			sourceTree = "<group>";
		};
/* End PBXVariantGroup section */

/* Begin XCBuildConfiguration section */
		E886BDD41DE7EA7000B2E8C0 /* Debug */ = {
			isa = XCBuildConfiguration;
			buildSettings = {
				ALWAYS_SEARCH_USER_PATHS = NO;
				CLANG_ANALYZER_NONNULL = YES;
				CLANG_CXX_LANGUAGE_STANDARD = "gnu++0x";
				CLANG_CXX_LIBRARY = "libc++";
				CLANG_ENABLE_MODULES = YES;
				CLANG_ENABLE_OBJC_ARC = YES;
				CLANG_WARN_BOOL_CONVERSION = YES;
				CLANG_WARN_CONSTANT_CONVERSION = YES;
				CLANG_WARN_DIRECT_OBJC_ISA_USAGE = YES_ERROR;
				CLANG_WARN_DOCUMENTATION_COMMENTS = YES;
				CLANG_WARN_EMPTY_BODY = YES;
				CLANG_WARN_ENUM_CONVERSION = YES;
				CLANG_WARN_INFINITE_RECURSION = YES;
				CLANG_WARN_INT_CONVERSION = YES;
				CLANG_WARN_OBJC_ROOT_CLASS = YES_ERROR;
				CLANG_WARN_SUSPICIOUS_MOVES = YES;
				CLANG_WARN_UNREACHABLE_CODE = YES;
				CLANG_WARN__DUPLICATE_METHOD_MATCH = YES;
				"CODE_SIGN_IDENTITY[sdk=iphoneos*]" = "iPhone Developer";
				COPY_PHASE_STRIP = NO;
				DEBUG_INFORMATION_FORMAT = dwarf;
				ENABLE_STRICT_OBJC_MSGSEND = YES;
				ENABLE_TESTABILITY = YES;
				GCC_C_LANGUAGE_STANDARD = gnu99;
				GCC_DYNAMIC_NO_PIC = NO;
				GCC_NO_COMMON_BLOCKS = YES;
				GCC_OPTIMIZATION_LEVEL = 0;
				GCC_PREPROCESSOR_DEFINITIONS = (
					"DEBUG=1",
					"$(inherited)",
				);
				GCC_WARN_64_TO_32_BIT_CONVERSION = YES;
				GCC_WARN_ABOUT_RETURN_TYPE = YES_ERROR;
				GCC_WARN_UNDECLARED_SELECTOR = YES;
				GCC_WARN_UNINITIALIZED_AUTOS = YES_AGGRESSIVE;
				GCC_WARN_UNUSED_FUNCTION = YES;
				GCC_WARN_UNUSED_VARIABLE = YES;
				IPHONEOS_DEPLOYMENT_TARGET = 10.1;
				MTL_ENABLE_DEBUG_INFO = YES;
				ONLY_ACTIVE_ARCH = YES;
				SDKROOT = iphoneos;
			};
			name = Debug;
		};
		E886BDD51DE7EA7000B2E8C0 /* Release */ = {
			isa = XCBuildConfiguration;
			buildSettings = {
				ALWAYS_SEARCH_USER_PATHS = NO;
				CLANG_ANALYZER_NONNULL = YES;
				CLANG_CXX_LANGUAGE_STANDARD = "gnu++0x";
				CLANG_CXX_LIBRARY = "libc++";
				CLANG_ENABLE_MODULES = YES;
				CLANG_ENABLE_OBJC_ARC = YES;
				CLANG_WARN_BOOL_CONVERSION = YES;
				CLANG_WARN_CONSTANT_CONVERSION = YES;
				CLANG_WARN_DIRECT_OBJC_ISA_USAGE = YES_ERROR;
				CLANG_WARN_DOCUMENTATION_COMMENTS = YES;
				CLANG_WARN_EMPTY_BODY = YES;
				CLANG_WARN_ENUM_CONVERSION = YES;
				CLANG_WARN_INFINITE_RECURSION = YES;
				CLANG_WARN_INT_CONVERSION = YES;
				CLANG_WARN_OBJC_ROOT_CLASS = YES_ERROR;
				CLANG_WARN_SUSPICIOUS_MOVES = YES;
				CLANG_WARN_UNREACHABLE_CODE = YES;
				CLANG_WARN__DUPLICATE_METHOD_MATCH = YES;
				"CODE_SIGN_IDENTITY[sdk=iphoneos*]" = "iPhone Developer";
				COPY_PHASE_STRIP = NO;
				DEBUG_INFORMATION_FORMAT = "dwarf-with-dsym";
				ENABLE_NS_ASSERTIONS = NO;
				ENABLE_STRICT_OBJC_MSGSEND = YES;
				GCC_C_LANGUAGE_STANDARD = gnu99;
				GCC_NO_COMMON_BLOCKS = YES;
				GCC_WARN_64_TO_32_BIT_CONVERSION = YES;
				GCC_WARN_ABOUT_RETURN_TYPE = YES_ERROR;
				GCC_WARN_UNDECLARED_SELECTOR = YES;
				GCC_WARN_UNINITIALIZED_AUTOS = YES_AGGRESSIVE;
				GCC_WARN_UNUSED_FUNCTION = YES;
				GCC_WARN_UNUSED_VARIABLE = YES;
				IPHONEOS_DEPLOYMENT_TARGET = 10.1;
				MTL_ENABLE_DEBUG_INFO = NO;
				SDKROOT = iphoneos;
				VALIDATE_PRODUCT = YES;
			};
			name = Release;
		};
		E886BDD71DE7EA7000B2E8C0 /* Debug */ = {
			isa = XCBuildConfiguration;
			buildSettings = {
				ASSETCATALOG_COMPILER_APPICON_NAME = AppIcon;
				DEVELOPMENT_TEAM = 9TPVW548GM;
				INFOPLIST_FILE = ZHNavigationBar/Info.plist;
				LD_RUNPATH_SEARCH_PATHS = "$(inherited) @executable_path/Frameworks";
				PRODUCT_BUNDLE_IDENTIFIER = walen.ZHNavigationBar;
				PRODUCT_NAME = "$(TARGET_NAME)";
			};
			name = Debug;
		};
		E886BDD81DE7EA7000B2E8C0 /* Release */ = {
			isa = XCBuildConfiguration;
			buildSettings = {
				ASSETCATALOG_COMPILER_APPICON_NAME = AppIcon;
				DEVELOPMENT_TEAM = 9TPVW548GM;
				INFOPLIST_FILE = ZHNavigationBar/Info.plist;
				LD_RUNPATH_SEARCH_PATHS = "$(inherited) @executable_path/Frameworks";
				PRODUCT_BUNDLE_IDENTIFIER = walen.ZHNavigationBar;
				PRODUCT_NAME = "$(TARGET_NAME)";
			};
			name = Release;
		};
/* End XCBuildConfiguration section */

/* Begin XCConfigurationList section */
		E886BDBA1DE7EA7000B2E8C0 /* Build configuration list for PBXProject "ZHNavigationBar" */ = {
			isa = XCConfigurationList;
			buildConfigurations = (
				E886BDD41DE7EA7000B2E8C0 /* Debug */,
				E886BDD51DE7EA7000B2E8C0 /* Release */,
			);
			defaultConfigurationIsVisible = 0;
			defaultConfigurationName = Release;
		};
		E886BDD61DE7EA7000B2E8C0 /* Build configuration list for PBXNativeTarget "ZHNavigationBar" */ = {
			isa = XCConfigurationList;
			buildConfigurations = (
				E886BDD71DE7EA7000B2E8C0 /* Debug */,
				E886BDD81DE7EA7000B2E8C0 /* Release */,
			);
			defaultConfigurationIsVisible = 0;
			defaultConfigurationName = Release;
		};
/* End XCConfigurationList section */
	};
	rootObject = E886BDB71DE7EA6F00B2E8C0 /* Project object */;
}
